
Microsoft Visual Studio Solution File, Format Version 12.00
# Visual Studio Version 16
VisualStudioVersion = 16.0.29519.87
MinimumVisualStudioVersion = 10.0.40219.1
Project("{FAE04EC0-301F-11D3-BF4B-00C04F79EFBC}") = "MccModSwapper", "MccModSwapper/MccModSwapper.csproj", "{90025D51-E3F1-4BCD-A544-A83EDE1C6F4B}"
EndProject
Global
	GlobalSection(SolutionConfigurationPlatforms) = preSolution
		Debug|Any CPU = Debug|Any CPU
		Release|Any CPU = Release|Any CPU
	EndGlobalSection
	GlobalSection(ProjectConfigurationPlatforms) = postSolution
		{90025D51-E3F1-4BCD-A544-A83EDE1C6F4B}.Debug|Any CPU.ActiveCfg = Debug|Any CPU
		{90025D51-E3F1-4BCD-A544-A83EDE1C6F4B}.Debug|Any CPU.Build.0 = Debug|Any CPU
		{90025D51-E3F1-4BCD-A544-A83EDE1C6F4B}.Release|Any CPU.ActiveCfg = Release|Any CPU
		{90025D51-E3F1-4BCD-A544-A83EDE1C6F4B}.Release|Any CPU.Build.0 = Release|Any CPU
	EndGlobalSection
	GlobalSection(SolutionProperties) = preSolution
		HideSolutionNode = FALSE
	EndGlobalSection
	GlobalSection(ExtensibilityGlobals) = postSolution
		SolutionGuid = {C13DDBA3-6D02-4130-9B27-F0D9B706CA65}
	EndGlobalSection
EndGlobal
